
Microsoft Visual Studio Solution File, Format Version 12.00
# Visual Studio Version 16
VisualStudioVersion = 16.0.31613.86
MinimumVisualStudioVersion = 10.0.40219.1
Project("{FAE04EC0-301F-11D3-BF4B-00C04F79EFBC}") = "ExzPTM", "ExzPTM\ExzPTM.csproj", "{FDCF33D3-3958-41F6-8602-F4597784DAF1}"
EndProject
Global
	GlobalSection(SolutionConfigurationPlatforms) = preSolution
		Debug|Any CPU = Debug|Any CPU
		Release|Any CPU = Release|Any CPU
	EndGlobalSection
	GlobalSection(ProjectConfigurationPlatforms) = postSolution
		{FDCF33D3-3958-41F6-8602-F4597784DAF1}.Debug|Any CPU.ActiveCfg = Debug|Any CPU
		{FDCF33D3-3958-41F6-8602-F4597784DAF1}.Debug|Any CPU.Build.0 = Debug|Any CPU
		{FDCF33D3-3958-41F6-8602-F4597784DAF1}.Release|Any CPU.ActiveCfg = Release|Any CPU
		{FDCF33D3-3958-41F6-8602-F4597784DAF1}.Release|Any CPU.Build.0 = Release|Any CPU
	EndGlobalSection
	GlobalSection(SolutionProperties) = preSolution
		HideSolutionNode = FALSE
	EndGlobalSection
	GlobalSection(ExtensibilityGlobals) = postSolution
		SolutionGuid = {1D85DC01-F563-4BFD-9A5B-9BFB97F52050}
	EndGlobalSection
EndGlobal
